
Microsoft Visual Studio Solution File, Format Version 12.00
# Visual Studio Version 17
VisualStudioVersion = 17.8.34511.84
MinimumVisualStudioVersion = 10.0.40219.1
Project("{9A19103F-16F7-4668-BE54-9A1E7A4F7556}") = "Northwind.Maui.Client", "Northwind.Maui.Client\Northwind.Maui.Client.csproj", "{28B382A3-CED0-491F-9714-18B1EFA71647}"
EndProject
Project("{FAE04EC0-301F-11D3-BF4B-00C04F79EFBC}") = "Northwind.Maui.WebApi.Service", "Northwind.Maui.WebApi.Service\Northwind.Maui.WebApi.Service.csproj", "{4BD85CF4-A2EC-406E-BA4E-117AACE06BDB}"
EndProject
Global
	GlobalSection(SolutionConfigurationPlatforms) = preSolution
		Debug|Any CPU = Debug|Any CPU
		Release|Any CPU = Release|Any CPU
	EndGlobalSection
	GlobalSection(ProjectConfigurationPlatforms) = postSolution
		{28B382A3-CED0-491F-9714-18B1EFA71647}.Debug|Any CPU.ActiveCfg = Debug|Any CPU
		{28B382A3-CED0-491F-9714-18B1EFA71647}.Debug|Any CPU.Build.0 = Debug|Any CPU
		{28B382A3-CED0-491F-9714-18B1EFA71647}.Debug|Any CPU.Deploy.0 = Debug|Any CPU
		{28B382A3-CED0-491F-9714-18B1EFA71647}.Release|Any CPU.ActiveCfg = Release|Any CPU
		{28B382A3-CED0-491F-9714-18B1EFA71647}.Release|Any CPU.Build.0 = Release|Any CPU
		{28B382A3-CED0-491F-9714-18B1EFA71647}.Release|Any CPU.Deploy.0 = Release|Any CPU
		{4BD85CF4-A2EC-406E-BA4E-117AACE06BDB}.Debug|Any CPU.ActiveCfg = Debug|Any CPU
		{4BD85CF4-A2EC-406E-BA4E-117AACE06BDB}.Debug|Any CPU.Build.0 = Debug|Any CPU
		{4BD85CF4-A2EC-406E-BA4E-117AACE06BDB}.Release|Any CPU.ActiveCfg = Release|Any CPU
		{4BD85CF4-A2EC-406E-BA4E-117AACE06BDB}.Release|Any CPU.Build.0 = Release|Any CPU
	EndGlobalSection
	GlobalSection(SolutionProperties) = preSolution
		HideSolutionNode = FALSE
	EndGlobalSection
	GlobalSection(ExtensibilityGlobals) = postSolution
		SolutionGuid = {DF3E4F49-AA9C-41AA-B7EA-282D13F98BDE}
	EndGlobalSection
EndGlobal
